// !$*UTF8*$!
{
	archiveVersion = 1;
	classes = {
	};
	objectVersion = 46;
	objects = {

/* Begin PBXBuildFile section */
		180272AA226C19A500DE2192 /* WSTableViewDataManager.swift in Sources */ = {isa = PBXBuildFile; fileRef = 18027280226C19A500DE2192 /* WSTableViewDataManager.swift */; };
		180272AB226C19A500DE2192 /* WSTableViewDataManagerDelegate.swift in Sources */ = {isa = PBXBuildFile; fileRef = 18027281226C19A500DE2192 /* WSTableViewDataManagerDelegate.swift */; };
		180272AC226C19A500DE2192 /* WSTableViewModel.swift in Sources */ = {isa = PBXBuildFile; fileRef = 18027283226C19A500DE2192 /* WSTableViewModel.swift */; };
		180272AD226C19A500DE2192 /* WSTableViewPresenterInterface.swift in Sources */ = {isa = PBXBuildFile; fileRef = 18027285226C19A500DE2192 /* WSTableViewPresenterInterface.swift */; };
		180272AE226C19A500DE2192 /* WSTableViewPresenter.swift in Sources */ = {isa = PBXBuildFile; fileRef = 18027286226C19A500DE2192 /* WSTableViewPresenter.swift */; };
		180272AF226C19A500DE2192 /* WSTableViewCell.swift in Sources */ = {isa = PBXBuildFile; fileRef = 18027289226C19A500DE2192 /* WSTableViewCell.swift */; };
		180272B1226C19A500DE2192 /* WSTableViewViewController.swift in Sources */ = {isa = PBXBuildFile; fileRef = 1802728C226C19A500DE2192 /* WSTableViewViewController.swift */; };
		180272B2226C19A500DE2192 /* WSTableViewViewInterfaceBase.swift in Sources */ = {isa = PBXBuildFile; fileRef = 1802728D226C19A500DE2192 /* WSTableViewViewInterfaceBase.swift */; };
		180272B3226C19A500DE2192 /* WSTableViewWireframe.swift in Sources */ = {isa = PBXBuildFile; fileRef = 1802728F226C19A500DE2192 /* WSTableViewWireframe.swift */; };
		180272B4226C19A500DE2192 /* WSTableViewInteractor.swift in Sources */ = {isa = PBXBuildFile; fileRef = 18027291226C19A500DE2192 /* WSTableViewInteractor.swift */; };
		180272B5226C19A500DE2192 /* WSTableViewIOBase.swift in Sources */ = {isa = PBXBuildFile; fileRef = 18027292226C19A500DE2192 /* WSTableViewIOBase.swift */; };
		180272B6226C19A500DE2192 /* WSHomeDataManager.swift in Sources */ = {isa = PBXBuildFile; fileRef = 18027296226C19A500DE2192 /* WSHomeDataManager.swift */; };
		180272B7226C19A500DE2192 /* WSHomeModel.swift in Sources */ = {isa = PBXBuildFile; fileRef = 18027298226C19A500DE2192 /* WSHomeModel.swift */; };
		180272B8226C19A500DE2192 /* WSHomePresenter.swift in Sources */ = {isa = PBXBuildFile; fileRef = 1802729A226C19A500DE2192 /* WSHomePresenter.swift */; };
		180272B9226C19A500DE2192 /* WSHomeViewController.swift in Sources */ = {isa = PBXBuildFile; fileRef = 1802729D226C19A500DE2192 /* WSHomeViewController.swift */; };
		180272BA226C19A500DE2192 /* WSHomeWireframe.swift in Sources */ = {isa = PBXBuildFile; fileRef = 1802729F226C19A500DE2192 /* WSHomeWireframe.swift */; };
		180272BB226C19A500DE2192 /* WSHomeInteractor.swift in Sources */ = {isa = PBXBuildFile; fileRef = 180272A1226C19A500DE2192 /* WSHomeInteractor.swift */; };
		180272BC226C19A500DE2192 /* data.json in Resources */ = {isa = PBXBuildFile; fileRef = 180272A3226C19A500DE2192 /* data.json */; };
		607FACD61AFB9204008FA782 /* AppDelegate.swift in Sources */ = {isa = PBXBuildFile; fileRef = 607FACD51AFB9204008FA782 /* AppDelegate.swift */; };
		607FACD81AFB9204008FA782 /* ViewController.swift in Sources */ = {isa = PBXBuildFile; fileRef = 607FACD71AFB9204008FA782 /* ViewController.swift */; };
		607FACDB1AFB9204008FA782 /* Main.storyboard in Resources */ = {isa = PBXBuildFile; fileRef = 607FACD91AFB9204008FA782 /* Main.storyboard */; };
		607FACDD1AFB9204008FA782 /* Images.xcassets in Resources */ = {isa = PBXBuildFile; fileRef = 607FACDC1AFB9204008FA782 /* Images.xcassets */; };
		607FACE01AFB9204008FA782 /* LaunchScreen.xib in Resources */ = {isa = PBXBuildFile; fileRef = 607FACDE1AFB9204008FA782 /* LaunchScreen.xib */; };
		607FACEC1AFB9204008FA782 /* Tests.swift in Sources */ = {isa = PBXBuildFile; fileRef = 607FACEB1AFB9204008FA782 /* Tests.swift */; };
		A9192A900AE94AFDE765BCC8 /* Pods_WSOSTemplate_Tests.framework in Frameworks */ = {isa = PBXBuildFile; fileRef = 6D1FC830556C8ACD4A6D20AE /* Pods_WSOSTemplate_Tests.framework */; };
		F5AB5ABB883D3955BC6C4835 /* Pods_WSOSTemplate_Example.framework in Frameworks */ = {isa = PBXBuildFile; fileRef = 563FC41815F7552B5EFEFBDB /* Pods_WSOSTemplate_Example.framework */; };
/* End PBXBuildFile section */

/* Begin PBXContainerItemProxy section */
		607FACE61AFB9204008FA782 /* PBXContainerItemProxy */ = {
			isa = PBXContainerItemProxy;
			containerPortal = 607FACC81AFB9204008FA782 /* Project object */;
			proxyType = 1;
			remoteGlobalIDString = 607FACCF1AFB9204008FA782;
			remoteInfo = WSOSTemplate;
		};
/* End PBXContainerItemProxy section */

/* Begin PBXFileReference section */
		07854CA75E848F3CB1107EBC /* Pods-WSOSTemplate_Tests.debug.xcconfig */ = {isa = PBXFileReference; includeInIndex = 1; lastKnownFileType = text.xcconfig; name = "Pods-WSOSTemplate_Tests.debug.xcconfig"; path = "Target Support Files/Pods-WSOSTemplate_Tests/Pods-WSOSTemplate_Tests.debug.xcconfig"; sourceTree = "<group>"; };
		18027280226C19A500DE2192 /* WSTableViewDataManager.swift */ = {isa = PBXFileReference; fileEncoding = 4; lastKnownFileType = sourcecode.swift; path = WSTableViewDataManager.swift; sourceTree = "<group>"; };
		18027281226C19A500DE2192 /* WSTableViewDataManagerDelegate.swift */ = {isa = PBXFileReference; fileEncoding = 4; lastKnownFileType = sourcecode.swift; path = WSTableViewDataManagerDelegate.swift; sourceTree = "<group>"; };
		18027283226C19A500DE2192 /* WSTableViewModel.swift */ = {isa = PBXFileReference; fileEncoding = 4; lastKnownFileType = sourcecode.swift; path = WSTableViewModel.swift; sourceTree = "<group>"; };
		18027285226C19A500DE2192 /* WSTableViewPresenterInterface.swift */ = {isa = PBXFileReference; fileEncoding = 4; lastKnownFileType = sourcecode.swift; path = WSTableViewPresenterInterface.swift; sourceTree = "<group>"; };
		18027286226C19A500DE2192 /* WSTableViewPresenter.swift */ = {isa = PBXFileReference; fileEncoding = 4; lastKnownFileType = sourcecode.swift; path = WSTableViewPresenter.swift; sourceTree = "<group>"; };
		18027289226C19A500DE2192 /* WSTableViewCell.swift */ = {isa = PBXFileReference; fileEncoding = 4; lastKnownFileType = sourcecode.swift; path = WSTableViewCell.swift; sourceTree = "<group>"; };
		1802728C226C19A500DE2192 /* WSTableViewViewController.swift */ = {isa = PBXFileReference; fileEncoding = 4; lastKnownFileType = sourcecode.swift; path = WSTableViewViewController.swift; sourceTree = "<group>"; };
		1802728D226C19A500DE2192 /* WSTableViewViewInterfaceBase.swift */ = {isa = PBXFileReference; fileEncoding = 4; lastKnownFileType = sourcecode.swift; path = WSTableViewViewInterfaceBase.swift; sourceTree = "<group>"; };
		1802728F226C19A500DE2192 /* WSTableViewWireframe.swift */ = {isa = PBXFileReference; fileEncoding = 4; lastKnownFileType = sourcecode.swift; path = WSTableViewWireframe.swift; sourceTree = "<group>"; };
		18027291226C19A500DE2192 /* WSTableViewInteractor.swift */ = {isa = PBXFileReference; fileEncoding = 4; lastKnownFileType = sourcecode.swift; path = WSTableViewInteractor.swift; sourceTree = "<group>"; };
		18027292226C19A500DE2192 /* WSTableViewIOBase.swift */ = {isa = PBXFileReference; fileEncoding = 4; lastKnownFileType = sourcecode.swift; path = WSTableViewIOBase.swift; sourceTree = "<group>"; };
		18027296226C19A500DE2192 /* WSHomeDataManager.swift */ = {isa = PBXFileReference; fileEncoding = 4; lastKnownFileType = sourcecode.swift; path = WSHomeDataManager.swift; sourceTree = "<group>"; };
		18027298226C19A500DE2192 /* WSHomeModel.swift */ = {isa = PBXFileReference; fileEncoding = 4; lastKnownFileType = sourcecode.swift; path = WSHomeModel.swift; sourceTree = "<group>"; };
		1802729A226C19A500DE2192 /* WSHomePresenter.swift */ = {isa = PBXFileReference; fileEncoding = 4; lastKnownFileType = sourcecode.swift; path = WSHomePresenter.swift; sourceTree = "<group>"; };
		1802729D226C19A500DE2192 /* WSHomeViewController.swift */ = {isa = PBXFileReference; fileEncoding = 4; lastKnownFileType = sourcecode.swift; path = WSHomeViewController.swift; sourceTree = "<group>"; };
		1802729F226C19A500DE2192 /* WSHomeWireframe.swift */ = {isa = PBXFileReference; fileEncoding = 4; lastKnownFileType = sourcecode.swift; path = WSHomeWireframe.swift; sourceTree = "<group>"; };
		180272A1226C19A500DE2192 /* WSHomeInteractor.swift */ = {isa = PBXFileReference; fileEncoding = 4; lastKnownFileType = sourcecode.swift; path = WSHomeInteractor.swift; sourceTree = "<group>"; };
		180272A3226C19A500DE2192 /* data.json */ = {isa = PBXFileReference; fileEncoding = 4; lastKnownFileType = text.json; path = data.json; sourceTree = "<group>"; };
		548CD2C324C87F5AA094B6B0 /* LICENSE */ = {isa = PBXFileReference; includeInIndex = 1; lastKnownFileType = text; name = LICENSE; path = ../LICENSE; sourceTree = "<group>"; };
		563FC41815F7552B5EFEFBDB /* Pods_WSOSTemplate_Example.framework */ = {isa = PBXFileReference; explicitFileType = wrapper.framework; includeInIndex = 0; path = Pods_WSOSTemplate_Example.framework; sourceTree = BUILT_PRODUCTS_DIR; };
		607FACD01AFB9204008FA782 /* WSOSTemplate_Example.app */ = {isa = PBXFileReference; explicitFileType = wrapper.application; includeInIndex = 0; path = WSOSTemplate_Example.app; sourceTree = BUILT_PRODUCTS_DIR; };
		607FACD41AFB9204008FA782 /* Info.plist */ = {isa = PBXFileReference; lastKnownFileType = text.plist.xml; path = Info.plist; sourceTree = "<group>"; };
		607FACD51AFB9204008FA782 /* AppDelegate.swift */ = {isa = PBXFileReference; lastKnownFileType = sourcecode.swift; path = AppDelegate.swift; sourceTree = "<group>"; };
		607FACD71AFB9204008FA782 /* ViewController.swift */ = {isa = PBXFileReference; lastKnownFileType = sourcecode.swift; path = ViewController.swift; sourceTree = "<group>"; };
		607FACDA1AFB9204008FA782 /* Base */ = {isa = PBXFileReference; lastKnownFileType = file.storyboard; name = Base; path = Base.lproj/Main.storyboard; sourceTree = "<group>"; };
		607FACDC1AFB9204008FA782 /* Images.xcassets */ = {isa = PBXFileReference; lastKnownFileType = folder.assetcatalog; path = Images.xcassets; sourceTree = "<group>"; };
		607FACDF1AFB9204008FA782 /* Base */ = {isa = PBXFileReference; lastKnownFileType = file.xib; name = Base; path = Base.lproj/LaunchScreen.xib; sourceTree = "<group>"; };
		607FACE51AFB9204008FA782 /* WSOSTemplate_Tests.xctest */ = {isa = PBXFileReference; explicitFileType = wrapper.cfbundle; includeInIndex = 0; path = WSOSTemplate_Tests.xctest; sourceTree = BUILT_PRODUCTS_DIR; };
		607FACEA1AFB9204008FA782 /* Info.plist */ = {isa = PBXFileReference; lastKnownFileType = text.plist.xml; path = Info.plist; sourceTree = "<group>"; };
		607FACEB1AFB9204008FA782 /* Tests.swift */ = {isa = PBXFileReference; lastKnownFileType = sourcecode.swift; path = Tests.swift; sourceTree = "<group>"; };
		670106BC23CFE6ED9A17793D /* WSOSTemplate.podspec */ = {isa = PBXFileReference; includeInIndex = 1; lastKnownFileType = text; name = WSOSTemplate.podspec; path = ../WSOSTemplate.podspec; sourceTree = "<group>"; xcLanguageSpecificationIdentifier = xcode.lang.ruby; };
		6D1FC830556C8ACD4A6D20AE /* Pods_WSOSTemplate_Tests.framework */ = {isa = PBXFileReference; explicitFileType = wrapper.framework; includeInIndex = 0; path = Pods_WSOSTemplate_Tests.framework; sourceTree = BUILT_PRODUCTS_DIR; };
		849A2E26F81916FC5C9E9A56 /* Pods-WSOSTemplate_Tests.release.xcconfig */ = {isa = PBXFileReference; includeInIndex = 1; lastKnownFileType = text.xcconfig; name = "Pods-WSOSTemplate_Tests.release.xcconfig"; path = "Target Support Files/Pods-WSOSTemplate_Tests/Pods-WSOSTemplate_Tests.release.xcconfig"; sourceTree = "<group>"; };
		A8C962B0945B549FF7F776E2 /* README.md */ = {isa = PBXFileReference; includeInIndex = 1; lastKnownFileType = net.daringfireball.markdown; name = README.md; path = ../README.md; sourceTree = "<group>"; };
		AEAA83748354A21362CD00EC /* Pods-WSOSTemplate_Example.release.xcconfig */ = {isa = PBXFileReference; includeInIndex = 1; lastKnownFileType = text.xcconfig; name = "Pods-WSOSTemplate_Example.release.xcconfig"; path = "Target Support Files/Pods-WSOSTemplate_Example/Pods-WSOSTemplate_Example.release.xcconfig"; sourceTree = "<group>"; };
		D322F54ACD2BD7EE8337B90A /* Pods-WSOSTemplate_Example.debug.xcconfig */ = {isa = PBXFileReference; includeInIndex = 1; lastKnownFileType = text.xcconfig; name = "Pods-WSOSTemplate_Example.debug.xcconfig"; path = "Target Support Files/Pods-WSOSTemplate_Example/Pods-WSOSTemplate_Example.debug.xcconfig"; sourceTree = "<group>"; };
/* End PBXFileReference section */

/* Begin PBXFrameworksBuildPhase section */
		607FACCD1AFB9204008FA782 /* Frameworks */ = {
			isa = PBXFrameworksBuildPhase;
			buildActionMask = 2147483647;
			files = (
				F5AB5ABB883D3955BC6C4835 /* Pods_WSOSTemplate_Example.framework in Frameworks */,
			);
			runOnlyForDeploymentPostprocessing = 0;
		};
		607FACE21AFB9204008FA782 /* Frameworks */ = {
			isa = PBXFrameworksBuildPhase;
			buildActionMask = 2147483647;
			files = (
				A9192A900AE94AFDE765BCC8 /* Pods_WSOSTemplate_Tests.framework in Frameworks */,
			);
			runOnlyForDeploymentPostprocessing = 0;
		};
/* End PBXFrameworksBuildPhase section */

/* Begin PBXGroup section */
		1802726D226C19A400DE2192 /* ViperModer */ = {
			isa = PBXGroup;
			children = (
				180272A2226C19A500DE2192 /* Data */,
				1802727D226C19A500DE2192 /* TableViewcontrollerSample */,
				18027293226C19A500DE2192 /* ViewcontrollerSample */,
			);
			path = ViperModer;
			sourceTree = "<group>";
		};
		1802727D226C19A500DE2192 /* TableViewcontrollerSample */ = {
			isa = PBXGroup;
			children = (
				1802727E226C19A500DE2192 /* Entity */,
				18027284226C19A500DE2192 /* Presenter */,
				18027287226C19A500DE2192 /* View */,
				1802728E226C19A500DE2192 /* Routing */,
				18027290226C19A500DE2192 /* Interactor */,
			);
			path = TableViewcontrollerSample;
			sourceTree = "<group>";
		};
		1802727E226C19A500DE2192 /* Entity */ = {
			isa = PBXGroup;
			children = (
				1802727F226C19A500DE2192 /* Manager */,
				18027282226C19A500DE2192 /* Model */,
			);
			path = Entity;
			sourceTree = "<group>";
		};
		1802727F226C19A500DE2192 /* Manager */ = {
			isa = PBXGroup;
			children = (
				18027280226C19A500DE2192 /* WSTableViewDataManager.swift */,
				18027281226C19A500DE2192 /* WSTableViewDataManagerDelegate.swift */,
			);
			path = Manager;
			sourceTree = "<group>";
		};
		18027282226C19A500DE2192 /* Model */ = {
			isa = PBXGroup;
			children = (
				18027283226C19A500DE2192 /* WSTableViewModel.swift */,
			);
			path = Model;
			sourceTree = "<group>";
		};
		18027284226C19A500DE2192 /* Presenter */ = {
			isa = PBXGroup;
			children = (
				18027285226C19A500DE2192 /* WSTableViewPresenterInterface.swift */,
				18027286226C19A500DE2192 /* WSTableViewPresenter.swift */,
			);
			path = Presenter;
			sourceTree = "<group>";
		};
		18027287226C19A500DE2192 /* View */ = {
			isa = PBXGroup;
			children = (
				18027288226C19A500DE2192 /* Cell */,
				1802728A226C19A500DE2192 /* View */,
			);
			path = View;
			sourceTree = "<group>";
		};
		18027288226C19A500DE2192 /* Cell */ = {
			isa = PBXGroup;
			children = (
				18027289226C19A500DE2192 /* WSTableViewCell.swift */,
			);
			path = Cell;
			sourceTree = "<group>";
		};
		1802728A226C19A500DE2192 /* View */ = {
			isa = PBXGroup;
			children = (
				1802728C226C19A500DE2192 /* WSTableViewViewController.swift */,
				1802728D226C19A500DE2192 /* WSTableViewViewInterfaceBase.swift */,
			);
			path = View;
			sourceTree = "<group>";
		};
		1802728E226C19A500DE2192 /* Routing */ = {
			isa = PBXGroup;
			children = (
				1802728F226C19A500DE2192 /* WSTableViewWireframe.swift */,
			);
			path = Routing;
			sourceTree = "<group>";
		};
		18027290226C19A500DE2192 /* Interactor */ = {
			isa = PBXGroup;
			children = (
				18027291226C19A500DE2192 /* WSTableViewInteractor.swift */,
				18027292226C19A500DE2192 /* WSTableViewIOBase.swift */,
			);
			path = Interactor;
			sourceTree = "<group>";
		};
		18027293226C19A500DE2192 /* ViewcontrollerSample */ = {
			isa = PBXGroup;
			children = (
				18027294226C19A500DE2192 /* Entity */,
				18027299226C19A500DE2192 /* Presenter */,
				1802729B226C19A500DE2192 /* View */,
				1802729E226C19A500DE2192 /* Routing */,
				180272A0226C19A500DE2192 /* Interactor */,
			);
			path = ViewcontrollerSample;
			sourceTree = "<group>";
		};
		18027294226C19A500DE2192 /* Entity */ = {
			isa = PBXGroup;
			children = (
				18027295226C19A500DE2192 /* Manager */,
				18027297226C19A500DE2192 /* Model */,
			);
			path = Entity;
			sourceTree = "<group>";
		};
		18027295226C19A500DE2192 /* Manager */ = {
			isa = PBXGroup;
			children = (
				18027296226C19A500DE2192 /* WSHomeDataManager.swift */,
			);
			path = Manager;
			sourceTree = "<group>";
		};
		18027297226C19A500DE2192 /* Model */ = {
			isa = PBXGroup;
			children = (
				18027298226C19A500DE2192 /* WSHomeModel.swift */,
			);
			path = Model;
			sourceTree = "<group>";
		};
		18027299226C19A500DE2192 /* Presenter */ = {
			isa = PBXGroup;
			children = (
				1802729A226C19A500DE2192 /* WSHomePresenter.swift */,
			);
			path = Presenter;
			sourceTree = "<group>";
		};
		1802729B226C19A500DE2192 /* View */ = {
			isa = PBXGroup;
			children = (
				1802729C226C19A500DE2192 /* View */,
			);
			path = View;
			sourceTree = "<group>";
		};
		1802729C226C19A500DE2192 /* View */ = {
			isa = PBXGroup;
			children = (
				1802729D226C19A500DE2192 /* WSHomeViewController.swift */,
			);
			path = View;
			sourceTree = "<group>";
		};
		1802729E226C19A500DE2192 /* Routing */ = {
			isa = PBXGroup;
			children = (
				1802729F226C19A500DE2192 /* WSHomeWireframe.swift */,
			);
			path = Routing;
			sourceTree = "<group>";
		};
		180272A0226C19A500DE2192 /* Interactor */ = {
			isa = PBXGroup;
			children = (
				180272A1226C19A500DE2192 /* WSHomeInteractor.swift */,
			);
			path = Interactor;
			sourceTree = "<group>";
		};
		180272A2226C19A500DE2192 /* Data */ = {
			isa = PBXGroup;
			children = (
				180272A3226C19A500DE2192 /* data.json */,
			);
			path = Data;
			sourceTree = "<group>";
		};
		22A19E7E54734EBA5A4287C1 /* Pods */ = {
			isa = PBXGroup;
			children = (
				D322F54ACD2BD7EE8337B90A /* Pods-WSOSTemplate_Example.debug.xcconfig */,
				AEAA83748354A21362CD00EC /* Pods-WSOSTemplate_Example.release.xcconfig */,
				07854CA75E848F3CB1107EBC /* Pods-WSOSTemplate_Tests.debug.xcconfig */,
				849A2E26F81916FC5C9E9A56 /* Pods-WSOSTemplate_Tests.release.xcconfig */,
			);
			path = Pods;
			sourceTree = "<group>";
		};
		30686FD16E56553F0E006230 /* Frameworks */ = {
			isa = PBXGroup;
			children = (
				563FC41815F7552B5EFEFBDB /* Pods_WSOSTemplate_Example.framework */,
				6D1FC830556C8ACD4A6D20AE /* Pods_WSOSTemplate_Tests.framework */,
			);
			name = Frameworks;
			sourceTree = "<group>";
		};
		607FACC71AFB9204008FA782 = {
			isa = PBXGroup;
			children = (
				607FACF51AFB993E008FA782 /* Podspec Metadata */,
				607FACD21AFB9204008FA782 /* Example for WSOSTemplate */,
				607FACE81AFB9204008FA782 /* Tests */,
				607FACD11AFB9204008FA782 /* Products */,
				22A19E7E54734EBA5A4287C1 /* Pods */,
				30686FD16E56553F0E006230 /* Frameworks */,
			);
			sourceTree = "<group>";
		};
		607FACD11AFB9204008FA782 /* Products */ = {
			isa = PBXGroup;
			children = (
				607FACD01AFB9204008FA782 /* WSOSTemplate_Example.app */,
				607FACE51AFB9204008FA782 /* WSOSTemplate_Tests.xctest */,
			);
			name = Products;
			sourceTree = "<group>";
		};
		607FACD21AFB9204008FA782 /* Example for WSOSTemplate */ = {
			isa = PBXGroup;
			children = (
				1802726D226C19A400DE2192 /* ViperModer */,
				607FACD51AFB9204008FA782 /* AppDelegate.swift */,
				607FACD71AFB9204008FA782 /* ViewController.swift */,
				607FACD91AFB9204008FA782 /* Main.storyboard */,
				607FACDC1AFB9204008FA782 /* Images.xcassets */,
				607FACDE1AFB9204008FA782 /* LaunchScreen.xib */,
				607FACD31AFB9204008FA782 /* Supporting Files */,
			);
			name = "Example for WSOSTemplate";
			path = WSOSTemplate;
			sourceTree = "<group>";
		};
		607FACD31AFB9204008FA782 /* Supporting Files */ = {
			isa = PBXGroup;
			children = (
				607FACD41AFB9204008FA782 /* Info.plist */,
			);
			name = "Supporting Files";
			sourceTree = "<group>";
		};
		607FACE81AFB9204008FA782 /* Tests */ = {
			isa = PBXGroup;
			children = (
				607FACEB1AFB9204008FA782 /* Tests.swift */,
				607FACE91AFB9204008FA782 /* Supporting Files */,
			);
			path = Tests;
			sourceTree = "<group>";
		};
		607FACE91AFB9204008FA782 /* Supporting Files */ = {
			isa = PBXGroup;
			children = (
				607FACEA1AFB9204008FA782 /* Info.plist */,
			);
			name = "Supporting Files";
			sourceTree = "<group>";
		};
		607FACF51AFB993E008FA782 /* Podspec Metadata */ = {
			isa = PBXGroup;
			children = (
				670106BC23CFE6ED9A17793D /* WSOSTemplate.podspec */,
				A8C962B0945B549FF7F776E2 /* README.md */,
				548CD2C324C87F5AA094B6B0 /* LICENSE */,
			);
			name = "Podspec Metadata";
			sourceTree = "<group>";
		};
/* End PBXGroup section */

/* Begin PBXNativeTarget section */
		607FACCF1AFB9204008FA782 /* WSOSTemplate_Example */ = {
			isa = PBXNativeTarget;
			buildConfigurationList = 607FACEF1AFB9204008FA782 /* Build configuration list for PBXNativeTarget "WSOSTemplate_Example" */;
			buildPhases = (
				FC1A734EE16FC8195B0B57AA /* [CP] Check Pods Manifest.lock */,
				607FACCC1AFB9204008FA782 /* Sources */,
				607FACCD1AFB9204008FA782 /* Frameworks */,
				607FACCE1AFB9204008FA782 /* Resources */,
				1F0AFD28E0FEB004D42F8985 /* [CP] Embed Pods Frameworks */,
			);
			buildRules = (
			);
			dependencies = (
			);
			name = WSOSTemplate_Example;
			productName = WSOSTemplate;
			productReference = 607FACD01AFB9204008FA782 /* WSOSTemplate_Example.app */;
			productType = "com.apple.product-type.application";
		};
		607FACE41AFB9204008FA782 /* WSOSTemplate_Tests */ = {
			isa = PBXNativeTarget;
			buildConfigurationList = 607FACF21AFB9204008FA782 /* Build configuration list for PBXNativeTarget "WSOSTemplate_Tests" */;
			buildPhases = (
				0805B84DE08F2C1B32AA6BFC /* [CP] Check Pods Manifest.lock */,
				607FACE11AFB9204008FA782 /* Sources */,
				607FACE21AFB9204008FA782 /* Frameworks */,
				607FACE31AFB9204008FA782 /* Resources */,
			);
			buildRules = (
			);
			dependencies = (
				607FACE71AFB9204008FA782 /* PBXTargetDependency */,
			);
			name = WSOSTemplate_Tests;
			productName = Tests;
			productReference = 607FACE51AFB9204008FA782 /* WSOSTemplate_Tests.xctest */;
			productType = "com.apple.product-type.bundle.unit-test";
		};
/* End PBXNativeTarget section */

/* Begin PBXProject section */
		607FACC81AFB9204008FA782 /* Project object */ = {
			isa = PBXProject;
			attributes = {
				LastSwiftUpdateCheck = 0830;
				LastUpgradeCheck = 0830;
				ORGANIZATIONNAME = CocoaPods;
				TargetAttributes = {
					607FACCF1AFB9204008FA782 = {
						CreatedOnToolsVersion = 6.3.1;
						LastSwiftMigration = 0900;
					};
					607FACE41AFB9204008FA782 = {
						CreatedOnToolsVersion = 6.3.1;
						LastSwiftMigration = 0900;
						TestTargetID = 607FACCF1AFB9204008FA782;
					};
				};
			};
			buildConfigurationList = 607FACCB1AFB9204008FA782 /* Build configuration list for PBXProject "WSOSTemplate" */;
			compatibilityVersion = "Xcode 3.2";
			developmentRegion = English;
			hasScannedForEncodings = 0;
			knownRegions = (
				English,
				en,
				Base,
			);
			mainGroup = 607FACC71AFB9204008FA782;
			productRefGroup = 607FACD11AFB9204008FA782 /* Products */;
			projectDirPath = "";
			projectRoot = "";
			targets = (
				607FACCF1AFB9204008FA782 /* WSOSTemplate_Example */,
				607FACE41AFB9204008FA782 /* WSOSTemplate_Tests */,
			);
		};
/* End PBXProject section */

/* Begin PBXResourcesBuildPhase section */
		607FACCE1AFB9204008FA782 /* Resources */ = {
			isa = PBXResourcesBuildPhase;
			buildActionMask = 2147483647;
			files = (
				607FACDB1AFB9204008FA782 /* Main.storyboard in Resources */,
				180272BC226C19A500DE2192 /* data.json in Resources */,
				607FACE01AFB9204008FA782 /* LaunchScreen.xib in Resources */,
				607FACDD1AFB9204008FA782 /* Images.xcassets in Resources */,
			);
			runOnlyForDeploymentPostprocessing = 0;
		};
		607FACE31AFB9204008FA782 /* Resources */ = {
			isa = PBXResourcesBuildPhase;
			buildActionMask = 2147483647;
			files = (
			);
			runOnlyForDeploymentPostprocessing = 0;
		};
/* End PBXResourcesBuildPhase section */

/* Begin PBXShellScriptBuildPhase section */
		0805B84DE08F2C1B32AA6BFC /* [CP] Check Pods Manifest.lock */ = {
			isa = PBXShellScriptBuildPhase;
			buildActionMask = 2147483647;
			files = (
			);
			inputFileListPaths = (
			);
			inputPaths = (
				"${PODS_PODFILE_DIR_PATH}/Podfile.lock",
				"${PODS_ROOT}/Manifest.lock",
			);
			name = "[CP] Check Pods Manifest.lock";
			outputFileListPaths = (
			);
			outputPaths = (
				"$(DERIVED_FILE_DIR)/Pods-WSOSTemplate_Tests-checkManifestLockResult.txt",
			);
			runOnlyForDeploymentPostprocessing = 0;
			shellPath = /bin/sh;
			shellScript = "diff \"${PODS_PODFILE_DIR_PATH}/Podfile.lock\" \"${PODS_ROOT}/Manifest.lock\" > /dev/null\nif [ $? != 0 ] ; then\n    # print error to STDERR\n    echo \"error: The sandbox is not in sync with the Podfile.lock. Run 'pod install' or update your CocoaPods installation.\" >&2\n    exit 1\nfi\n# This output is used by Xcode 'outputs' to avoid re-running this script phase.\necho \"SUCCESS\" > \"${SCRIPT_OUTPUT_FILE_0}\"\n";
			showEnvVarsInLog = 0;
		};
		1F0AFD28E0FEB004D42F8985 /* [CP] Embed Pods Frameworks */ = {
			isa = PBXShellScriptBuildPhase;
			buildActionMask = 2147483647;
			files = (
			);
			inputPaths = (
				"${PODS_ROOT}/Target Support Files/Pods-WSOSTemplate_Example/Pods-WSOSTemplate_Example-frameworks.sh",
				"${BUILT_PRODUCTS_DIR}/AMScrollingNavbar/AMScrollingNavbar.framework",
				"${BUILT_PRODUCTS_DIR}/Alamofire/Alamofire.framework",
				"${BUILT_PRODUCTS_DIR}/Cache/Cache.framework",
				"${BUILT_PRODUCTS_DIR}/ESTabBarController-swift/ESTabBarController_swift.framework",
				"${BUILT_PRODUCTS_DIR}/MBProgressHUD/MBProgressHUD.framework",
				"${BUILT_PRODUCTS_DIR}/MJRefresh/MJRefresh.framework",
				"${BUILT_PRODUCTS_DIR}/ObjectMapper/ObjectMapper.framework",
				"${BUILT_PRODUCTS_DIR}/ReachabilitySwift/Reachability.framework",
				"${BUILT_PRODUCTS_DIR}/SnapKit/SnapKit.framework",
				"${BUILT_PRODUCTS_DIR}/SwiftyJSON/SwiftyJSON.framework",
				"${BUILT_PRODUCTS_DIR}/Toast-Swift/Toast_Swift.framework",
				"${BUILT_PRODUCTS_DIR}/WSOSTemplate/WSOSTemplate.framework",
			);
			name = "[CP] Embed Pods Frameworks";
			outputPaths = (
				"${TARGET_BUILD_DIR}/${FRAMEWORKS_FOLDER_PATH}/AMScrollingNavbar.framework",
				"${TARGET_BUILD_DIR}/${FRAMEWORKS_FOLDER_PATH}/Alamofire.framework",
				"${TARGET_BUILD_DIR}/${FRAMEWORKS_FOLDER_PATH}/Cache.framework",
				"${TARGET_BUILD_DIR}/${FRAMEWORKS_FOLDER_PATH}/ESTabBarController_swift.framework",
				"${TARGET_BUILD_DIR}/${FRAMEWORKS_FOLDER_PATH}/MBProgressHUD.framework",
				"${TARGET_BUILD_DIR}/${FRAMEWORKS_FOLDER_PATH}/MJRefresh.framework",
				"${TARGET_BUILD_DIR}/${FRAMEWORKS_FOLDER_PATH}/ObjectMapper.framework",
				"${TARGET_BUILD_DIR}/${FRAMEWORKS_FOLDER_PATH}/Reachability.framework",
				"${TARGET_BUILD_DIR}/${FRAMEWORKS_FOLDER_PATH}/SnapKit.framework",
				"${TARGET_BUILD_DIR}/${FRAMEWORKS_FOLDER_PATH}/SwiftyJSON.framework",
				"${TARGET_BUILD_DIR}/${FRAMEWORKS_FOLDER_PATH}/Toast_Swift.framework",
				"${TARGET_BUILD_DIR}/${FRAMEWORKS_FOLDER_PATH}/WSOSTemplate.framework",
			);
			runOnlyForDeploymentPostprocessing = 0;
			shellPath = /bin/sh;
			shellScript = "\"${PODS_ROOT}/Target Support Files/Pods-WSOSTemplate_Example/Pods-WSOSTemplate_Example-frameworks.sh\"\n";
			showEnvVarsInLog = 0;
		};
		FC1A734EE16FC8195B0B57AA /* [CP] Check Pods Manifest.lock */ = {
			isa = PBXShellScriptBuildPhase;
			buildActionMask = 2147483647;
			files = (
			);
			inputFileListPaths = (
			);
			inputPaths = (
				"${PODS_PODFILE_DIR_PATH}/Podfile.lock",
				"${PODS_ROOT}/Manifest.lock",
			);
			name = "[CP] Check Pods Manifest.lock";
			outputFileListPaths = (
			);
			outputPaths = (
				"$(DERIVED_FILE_DIR)/Pods-WSOSTemplate_Example-checkManifestLockResult.txt",
			);
			runOnlyForDeploymentPostprocessing = 0;
			shellPath = /bin/sh;
			shellScript = "diff \"${PODS_PODFILE_DIR_PATH}/Podfile.lock\" \"${PODS_ROOT}/Manifest.lock\" > /dev/null\nif [ $? != 0 ] ; then\n    # print error to STDERR\n    echo \"error: The sandbox is not in sync with the Podfile.lock. Run 'pod install' or update your CocoaPods installation.\" >&2\n    exit 1\nfi\n# This output is used by Xcode 'outputs' to avoid re-running this script phase.\necho \"SUCCESS\" > \"${SCRIPT_OUTPUT_FILE_0}\"\n";
			showEnvVarsInLog = 0;
		};
/* End PBXShellScriptBuildPhase section */

/* Begin PBXSourcesBuildPhase section */
		607FACCC1AFB9204008FA782 /* Sources */ = {
			isa = PBXSourcesBuildPhase;
			buildActionMask = 2147483647;
			files = (
				180272AD226C19A500DE2192 /* WSTableViewPresenterInterface.swift in Sources */,
				180272AA226C19A500DE2192 /* WSTableViewDataManager.swift in Sources */,
				180272BB226C19A500DE2192 /* WSHomeInteractor.swift in Sources */,
				180272BA226C19A500DE2192 /* WSHomeWireframe.swift in Sources */,
				180272B4226C19A500DE2192 /* WSTableViewInteractor.swift in Sources */,
				180272AE226C19A500DE2192 /* WSTableViewPresenter.swift in Sources */,
				180272AF226C19A500DE2192 /* WSTableViewCell.swift in Sources */,
				180272B1226C19A500DE2192 /* WSTableViewViewController.swift in Sources */,
				607FACD81AFB9204008FA782 /* ViewController.swift in Sources */,
				180272B6226C19A500DE2192 /* WSHomeDataManager.swift in Sources */,
				607FACD61AFB9204008FA782 /* AppDelegate.swift in Sources */,
				180272B7226C19A500DE2192 /* WSHomeModel.swift in Sources */,
				180272B2226C19A500DE2192 /* WSTableViewViewInterfaceBase.swift in Sources */,
				180272AB226C19A500DE2192 /* WSTableViewDataManagerDelegate.swift in Sources */,
				180272B9226C19A500DE2192 /* WSHomeViewController.swift in Sources */,
				180272B8226C19A500DE2192 /* WSHomePresenter.swift in Sources */,
				180272B3226C19A500DE2192 /* WSTableViewWireframe.swift in Sources */,
				180272B5226C19A500DE2192 /* WSTableViewIOBase.swift in Sources */,
				180272AC226C19A500DE2192 /* WSTableViewModel.swift in Sources */,
			);
			runOnlyForDeploymentPostprocessing = 0;
		};
		607FACE11AFB9204008FA782 /* Sources */ = {
			isa = PBXSourcesBuildPhase;
			buildActionMask = 2147483647;
			files = (
				607FACEC1AFB9204008FA782 /* Tests.swift in Sources */,
			);
			runOnlyForDeploymentPostprocessing = 0;
		};
/* End PBXSourcesBuildPhase section */

/* Begin PBXTargetDependency section */
		607FACE71AFB9204008FA782 /* PBXTargetDependency */ = {
			isa = PBXTargetDependency;
			target = 607FACCF1AFB9204008FA782 /* WSOSTemplate_Example */;
			targetProxy = 607FACE61AFB9204008FA782 /* PBXContainerItemProxy */;
		};
/* End PBXTargetDependency section */

/* Begin PBXVariantGroup section */
		607FACD91AFB9204008FA782 /* Main.storyboard */ = {
			isa = PBXVariantGroup;
			children = (
				607FACDA1AFB9204008FA782 /* Base */,
			);
			name = Main.storyboard;
			sourceTree = "<group>";
		};
		607FACDE1AFB9204008FA782 /* LaunchScreen.xib */ = {
			isa = PBXVariantGroup;
			children = (
				607FACDF1AFB9204008FA782 /* Base */,
			);
			name = LaunchScreen.xib;
			sourceTree = "<group>";
		};
/* End PBXVariantGroup section */

/* Begin XCBuildConfiguration section */
		607FACED1AFB9204008FA782 /* Debug */ = {
			isa = XCBuildConfiguration;
			buildSettings = {
				ALWAYS_SEARCH_USER_PATHS = NO;
				CLANG_CXX_LANGUAGE_STANDARD = "gnu++0x";
				CLANG_CXX_LIBRARY = "libc++";
				CLANG_ENABLE_MODULES = YES;
				CLANG_ENABLE_OBJC_ARC = YES;
				CLANG_WARN_BLOCK_CAPTURE_AUTORELEASING = YES;
				CLANG_WARN_BOOL_CONVERSION = YES;
				CLANG_WARN_COMMA = YES;
				CLANG_WARN_CONSTANT_CONVERSION = YES;
				CLANG_WARN_DIRECT_OBJC_ISA_USAGE = YES_ERROR;
				CLANG_WARN_EMPTY_BODY = YES;
				CLANG_WARN_ENUM_CONVERSION = YES;
				CLANG_WARN_INFINITE_RECURSION = YES;
				CLANG_WARN_INT_CONVERSION = YES;
				CLANG_WARN_NON_LITERAL_NULL_CONVERSION = YES;
				CLANG_WARN_OBJC_LITERAL_CONVERSION = YES;
				CLANG_WARN_OBJC_ROOT_CLASS = YES_ERROR;
				CLANG_WARN_RANGE_LOOP_ANALYSIS = YES;
				CLANG_WARN_STRICT_PROTOTYPES = YES;
				CLANG_WARN_SUSPICIOUS_MOVE = YES;
				CLANG_WARN_UNREACHABLE_CODE = YES;
				CLANG_WARN__DUPLICATE_METHOD_MATCH = YES;
				"CODE_SIGN_IDENTITY[sdk=iphoneos*]" = "iPhone Developer";
				COPY_PHASE_STRIP = NO;
				DEBUG_INFORMATION_FORMAT = "dwarf-with-dsym";
				ENABLE_STRICT_OBJC_MSGSEND = YES;
				ENABLE_TESTABILITY = YES;
				GCC_C_LANGUAGE_STANDARD = gnu99;
				GCC_DYNAMIC_NO_PIC = NO;
				GCC_NO_COMMON_BLOCKS = YES;
				GCC_OPTIMIZATION_LEVEL = 0;
				GCC_PREPROCESSOR_DEFINITIONS = (
					"DEBUG=1",
					"$(inherited)",
				);
				GCC_SYMBOLS_PRIVATE_EXTERN = NO;
				GCC_WARN_64_TO_32_BIT_CONVERSION = YES;
				GCC_WARN_ABOUT_RETURN_TYPE = YES_ERROR;
				GCC_WARN_UNDECLARED_SELECTOR = YES;
				GCC_WARN_UNINITIALIZED_AUTOS = YES_AGGRESSIVE;
				GCC_WARN_UNUSED_FUNCTION = YES;
				GCC_WARN_UNUSED_VARIABLE = YES;
				IPHONEOS_DEPLOYMENT_TARGET = 11.0;
				MTL_ENABLE_DEBUG_INFO = YES;
				ONLY_ACTIVE_ARCH = YES;
				SDKROOT = iphoneos;
				SWIFT_OPTIMIZATION_LEVEL = "-Onone";
			};
			name = Debug;
		};
		607FACEE1AFB9204008FA782 /* Release */ = {
			isa = XCBuildConfiguration;
			buildSettings = {
				ALWAYS_SEARCH_USER_PATHS = NO;
				CLANG_CXX_LANGUAGE_STANDARD = "gnu++0x";
				CLANG_CXX_LIBRARY = "libc++";
				CLANG_ENABLE_MODULES = YES;
				CLANG_ENABLE_OBJC_ARC = YES;
				CLANG_WARN_BLOCK_CAPTURE_AUTORELEASING = YES;
				CLANG_WARN_BOOL_CONVERSION = YES;
				CLANG_WARN_COMMA = YES;
				CLANG_WARN_CONSTANT_CONVERSION = YES;
				CLANG_WARN_DIRECT_OBJC_ISA_USAGE = YES_ERROR;
				CLANG_WARN_EMPTY_BODY = YES;
				CLANG_WARN_ENUM_CONVERSION = YES;
				CLANG_WARN_INFINITE_RECURSION = YES;
				CLANG_WARN_INT_CONVERSION = YES;
				CLANG_WARN_NON_LITERAL_NULL_CONVERSION = YES;
				CLANG_WARN_OBJC_LITERAL_CONVERSION = YES;
				CLANG_WARN_OBJC_ROOT_CLASS = YES_ERROR;
				CLANG_WARN_RANGE_LOOP_ANALYSIS = YES;
				CLANG_WARN_STRICT_PROTOTYPES = YES;
				CLANG_WARN_SUSPICIOUS_MOVE = YES;
				CLANG_WARN_UNREACHABLE_CODE = YES;
				CLANG_WARN__DUPLICATE_METHOD_MATCH = YES;
				"CODE_SIGN_IDENTITY[sdk=iphoneos*]" = "iPhone Developer";
				COPY_PHASE_STRIP = NO;
				DEBUG_INFORMATION_FORMAT = "dwarf-with-dsym";
				ENABLE_NS_ASSERTIONS = NO;
				ENABLE_STRICT_OBJC_MSGSEND = YES;
				GCC_C_LANGUAGE_STANDARD = gnu99;
				GCC_NO_COMMON_BLOCKS = YES;
				GCC_WARN_64_TO_32_BIT_CONVERSION = YES;
				GCC_WARN_ABOUT_RETURN_TYPE = YES_ERROR;
				GCC_WARN_UNDECLARED_SELECTOR = YES;
				GCC_WARN_UNINITIALIZED_AUTOS = YES_AGGRESSIVE;
				GCC_WARN_UNUSED_FUNCTION = YES;
				GCC_WARN_UNUSED_VARIABLE = YES;
				IPHONEOS_DEPLOYMENT_TARGET = 11.0;
				MTL_ENABLE_DEBUG_INFO = NO;
				SDKROOT = iphoneos;
				SWIFT_OPTIMIZATION_LEVEL = "-Owholemodule";
				VALIDATE_PRODUCT = YES;
			};
			name = Release;
		};
		607FACF01AFB9204008FA782 /* Debug */ = {
			isa = XCBuildConfiguration;
			baseConfigurationReference = D322F54ACD2BD7EE8337B90A /* Pods-WSOSTemplate_Example.debug.xcconfig */;
			buildSettings = {
				ASSETCATALOG_COMPILER_APPICON_NAME = AppIcon;
				INFOPLIST_FILE = WSOSTemplate/Info.plist;
				LD_RUNPATH_SEARCH_PATHS = "$(inherited) @executable_path/Frameworks";
				MODULE_NAME = ExampleApp;
				PRODUCT_BUNDLE_IDENTIFIER = "org.cocoapods.demo.$(PRODUCT_NAME:rfc1034identifier)";
				PRODUCT_NAME = "$(TARGET_NAME)";
				SWIFT_SWIFT3_OBJC_INFERENCE = Default;
				SWIFT_VERSION = 5.0;
			};
			name = Debug;
		};
		607FACF11AFB9204008FA782 /* Release */ = {
			isa = XCBuildConfiguration;
			baseConfigurationReference = AEAA83748354A21362CD00EC /* Pods-WSOSTemplate_Example.release.xcconfig */;
			buildSettings = {
				ASSETCATALOG_COMPILER_APPICON_NAME = AppIcon;
				INFOPLIST_FILE = WSOSTemplate/Info.plist;
				LD_RUNPATH_SEARCH_PATHS = "$(inherited) @executable_path/Frameworks";
				MODULE_NAME = ExampleApp;
				PRODUCT_BUNDLE_IDENTIFIER = "org.cocoapods.demo.$(PRODUCT_NAME:rfc1034identifier)";
				PRODUCT_NAME = "$(TARGET_NAME)";
				SWIFT_SWIFT3_OBJC_INFERENCE = Default;
				SWIFT_VERSION = 5.0;
			};
			name = Release;
		};
		607FACF31AFB9204008FA782 /* Debug */ = {
			isa = XCBuildConfiguration;
			baseConfigurationReference = 07854CA75E848F3CB1107EBC /* Pods-WSOSTemplate_Tests.debug.xcconfig */;
			buildSettings = {
				FRAMEWORK_SEARCH_PATHS = (
					"$(SDKROOT)/Developer/Library/Frameworks",
					"$(inherited)",
				);
				GCC_PREPROCESSOR_DEFINITIONS = (
					"DEBUG=1",
					"$(inherited)",
				);
				INFOPLIST_FILE = Tests/Info.plist;
				LD_RUNPATH_SEARCH_PATHS = "$(inherited) @executable_path/Frameworks @loader_path/Frameworks";
				PRODUCT_BUNDLE_IDENTIFIER = "org.cocoapods.$(PRODUCT_NAME:rfc1034identifier)";
				PRODUCT_NAME = "$(TARGET_NAME)";
				SWIFT_SWIFT3_OBJC_INFERENCE = Default;
				SWIFT_VERSION = 5.0;
				TEST_HOST = "$(BUILT_PRODUCTS_DIR)/WSOSTemplate_Example.app/WSOSTemplate_Example";
			};
			name = Debug;
		};
		607FACF41AFB9204008FA782 /* Release */ = {
			isa = XCBuildConfiguration;
			baseConfigurationReference = 849A2E26F81916FC5C9E9A56 /* Pods-WSOSTemplate_Tests.release.xcconfig */;
			buildSettings = {
				FRAMEWORK_SEARCH_PATHS = (
					"$(SDKROOT)/Developer/Library/Frameworks",
					"$(inherited)",
				);
				INFOPLIST_FILE = Tests/Info.plist;
				LD_RUNPATH_SEARCH_PATHS = "$(inherited) @executable_path/Frameworks @loader_path/Frameworks";
				PRODUCT_BUNDLE_IDENTIFIER = "org.cocoapods.$(PRODUCT_NAME:rfc1034identifier)";
				PRODUCT_NAME = "$(TARGET_NAME)";
				SWIFT_SWIFT3_OBJC_INFERENCE = Default;
				SWIFT_VERSION = 5.0;
				TEST_HOST = "$(BUILT_PRODUCTS_DIR)/WSOSTemplate_Example.app/WSOSTemplate_Example";
			};
			name = Release;
		};
/* End XCBuildConfiguration section */

/* Begin XCConfigurationList section */
		607FACCB1AFB9204008FA782 /* Build configuration list for PBXProject "WSOSTemplate" */ = {
			isa = XCConfigurationList;
			buildConfigurations = (
				607FACED1AFB9204008FA782 /* Debug */,
				607FACEE1AFB9204008FA782 /* Release */,
			);
			defaultConfigurationIsVisible = 0;
			defaultConfigurationName = Release;
		};
		607FACEF1AFB9204008FA782 /* Build configuration list for PBXNativeTarget "WSOSTemplate_Example" */ = {
			isa = XCConfigurationList;
			buildConfigurations = (
				607FACF01AFB9204008FA782 /* Debug */,
				607FACF11AFB9204008FA782 /* Release */,
			);
			defaultConfigurationIsVisible = 0;
			defaultConfigurationName = Release;
		};
		607FACF21AFB9204008FA782 /* Build configuration list for PBXNativeTarget "WSOSTemplate_Tests" */ = {
			isa = XCConfigurationList;
			buildConfigurations = (
				607FACF31AFB9204008FA782 /* Debug */,
				607FACF41AFB9204008FA782 /* Release */,
			);
			defaultConfigurationIsVisible = 0;
			defaultConfigurationName = Release;
		};
/* End XCConfigurationList section */
	};
	rootObject = 607FACC81AFB9204008FA782 /* Project object */;
}
